// !$*UTF8*$!
{
	archiveVersion = 1;
	classes = {
	};
	objectVersion = 46;
	objects = {

/* Begin PBXBuildFile section */
		111D42691AFEC51000148994 /* OCTSubmanagerChatsTests.m in Sources */ = {isa = PBXBuildFile; fileRef = 111D42681AFEC51000148994 /* OCTSubmanagerChatsTests.m */; };
		114196C31AAB823B0079B30A /* OCTDefaultSettingsStorageTests.m in Sources */ = {isa = PBXBuildFile; fileRef = 114196C21AAB823B0079B30A /* OCTDefaultSettingsStorageTests.m */; };
		114196CD1AAC69B60079B30A /* OCTSubmanagerAvatarsTests.m in Sources */ = {isa = PBXBuildFile; fileRef = 114196CC1AAC69B60079B30A /* OCTSubmanagerAvatarsTests.m */; };
		114196D71AAC87CC0079B30A /* OCTDefaultFileStorageTests.m in Sources */ = {isa = PBXBuildFile; fileRef = 114196D61AAC87CC0079B30A /* OCTDefaultFileStorageTests.m */; };
		115B9E211ADF1708000C38C2 /* OCTDefaultFileStorage.m in Sources */ = {isa = PBXBuildFile; fileRef = 115B9DF71ADF1708000C38C2 /* OCTDefaultFileStorage.m */; };
		115B9E221ADF1708000C38C2 /* OCTDefaultSettingsStorage.m in Sources */ = {isa = PBXBuildFile; fileRef = 115B9DF81ADF1708000C38C2 /* OCTDefaultSettingsStorage.m */; };
		115B9E231ADF1708000C38C2 /* OCTManagerConfiguration.m in Sources */ = {isa = PBXBuildFile; fileRef = 115B9DF91ADF1708000C38C2 /* OCTManagerConfiguration.m */; };
		115B9E241ADF1708000C38C2 /* OCTFriend.m in Sources */ = {isa = PBXBuildFile; fileRef = 115B9DFB1ADF1708000C38C2 /* OCTFriend.m */; };
		115B9E251ADF1708000C38C2 /* OCTMessageAbstract.m in Sources */ = {isa = PBXBuildFile; fileRef = 115B9DFC1ADF1708000C38C2 /* OCTMessageAbstract.m */; };
		115B9E261ADF1708000C38C2 /* OCTMessageFile.m in Sources */ = {isa = PBXBuildFile; fileRef = 115B9DFD1ADF1708000C38C2 /* OCTMessageFile.m */; };
		115B9E271ADF1708000C38C2 /* OCTMessageText.m in Sources */ = {isa = PBXBuildFile; fileRef = 115B9DFE1ADF1708000C38C2 /* OCTMessageText.m */; };
		115B9E281ADF1708000C38C2 /* OCTManager.m in Sources */ = {isa = PBXBuildFile; fileRef = 115B9DFF1ADF1708000C38C2 /* OCTManager.m */; };
		115B9E291ADF1708000C38C2 /* OCTFriendsContainer.m in Sources */ = {isa = PBXBuildFile; fileRef = 115B9E011ADF1708000C38C2 /* OCTFriendsContainer.m */; };
		115B9E2A1ADF1708000C38C2 /* OCTSubmanagerAvatars.m in Sources */ = {isa = PBXBuildFile; fileRef = 115B9E021ADF1708000C38C2 /* OCTSubmanagerAvatars.m */; };
		115B9E2B1ADF1708000C38C2 /* OCTSubmanagerFriends.m in Sources */ = {isa = PBXBuildFile; fileRef = 115B9E041ADF1708000C38C2 /* OCTSubmanagerFriends.m */; };
		115B9E2C1ADF1708000C38C2 /* OCTTox.m in Sources */ = {isa = PBXBuildFile; fileRef = 115B9E061ADF1708000C38C2 /* OCTTox.m */; };
		115B9E2D1ADF1708000C38C2 /* OCTToxConstants.m in Sources */ = {isa = PBXBuildFile; fileRef = 115B9E071ADF1708000C38C2 /* OCTToxConstants.m */; };
		115B9E2E1ADF1708000C38C2 /* OCTToxOptions.m in Sources */ = {isa = PBXBuildFile; fileRef = 115B9E081ADF1708000C38C2 /* OCTToxOptions.m */; };
		116EE6981AE3C7180059C8D3 /* OCTDBManager.m in Sources */ = {isa = PBXBuildFile; fileRef = 116EE6971AE3C7180059C8D3 /* OCTDBManager.m */; };
		116EE69B1AE3C72F0059C8D3 /* OCTDBFriendRequest.m in Sources */ = {isa = PBXBuildFile; fileRef = 116EE69A1AE3C72F0059C8D3 /* OCTDBFriendRequest.m */; };
		116EE69F1AE40B350059C8D3 /* OCTDBManagerTests.m in Sources */ = {isa = PBXBuildFile; fileRef = 116EE69E1AE40B350059C8D3 /* OCTDBManagerTests.m */; };
		1173BDEC1AB62D9B00E43D75 /* OCTManagerTests.m in Sources */ = {isa = PBXBuildFile; fileRef = 1173BDEB1AB62D9B00E43D75 /* OCTManagerTests.m */; };
		1173BDEE1AB62FD100E43D75 /* OCTManagerConfigurationTests.m in Sources */ = {isa = PBXBuildFile; fileRef = 1173BDED1AB62FD100E43D75 /* OCTManagerConfigurationTests.m */; };
		1173BDF01AB6319E00E43D75 /* OCTSubmanagerFriendsTests.m in Sources */ = {isa = PBXBuildFile; fileRef = 1173BDEF1AB6319E00E43D75 /* OCTSubmanagerFriendsTests.m */; };
		1186202E1AF4CC5200793A3D /* OCTArray.m in Sources */ = {isa = PBXBuildFile; fileRef = 1186202D1AF4CC5200793A3D /* OCTArray.m */; };
		118620331AF4D60400793A3D /* OCTDBMessageAbstractTests.m in Sources */ = {isa = PBXBuildFile; fileRef = 118620321AF4D60400793A3D /* OCTDBMessageAbstractTests.m */; };
		118620381AF4F32800793A3D /* OCTSortDescriptor.m in Sources */ = {isa = PBXBuildFile; fileRef = 118620371AF4F32800793A3D /* OCTSortDescriptor.m */; };
		1186203B1AF4FE4800793A3D /* OCTArrayTests.m in Sources */ = {isa = PBXBuildFile; fileRef = 1186203A1AF4FE4800793A3D /* OCTArrayTests.m */; };
		1186204D1AF51CD400793A3D /* OCTConverterFriendRequest.m in Sources */ = {isa = PBXBuildFile; fileRef = 1186204B1AF51CD400793A3D /* OCTConverterFriendRequest.m */; };
		118620501AF6124700793A3D /* OCTConverterFriend.m in Sources */ = {isa = PBXBuildFile; fileRef = 1186204F1AF6124700793A3D /* OCTConverterFriend.m */; };
		118620521AF8E91C00793A3D /* OCTConverterFriendTests.m in Sources */ = {isa = PBXBuildFile; fileRef = 118620511AF8E91C00793A3D /* OCTConverterFriendTests.m */; };
		118620551AF9005700793A3D /* OCTConverterMessage.m in Sources */ = {isa = PBXBuildFile; fileRef = 118620541AF9005700793A3D /* OCTConverterMessage.m */; };
		118620571AF904B500793A3D /* OCTConverterMessageTests.m in Sources */ = {isa = PBXBuildFile; fileRef = 118620561AF904B500793A3D /* OCTConverterMessageTests.m */; };
		1186205A1AF9080A00793A3D /* OCTConverterChat.m in Sources */ = {isa = PBXBuildFile; fileRef = 118620591AF9080A00793A3D /* OCTConverterChat.m */; };
		1186205C1AF9187800793A3D /* OCTConverterChatTests.m in Sources */ = {isa = PBXBuildFile; fileRef = 1186205B1AF9187800793A3D /* OCTConverterChatTests.m */; };
		118620611AF91EDF00793A3D /* OCTSubmanagerChats.m in Sources */ = {isa = PBXBuildFile; fileRef = 118620601AF91EDF00793A3D /* OCTSubmanagerChats.m */; };
		118620661AFEA0C700793A3D /* OCTConverterFriendRequestTests.m in Sources */ = {isa = PBXBuildFile; fileRef = 118620651AFEA0C700793A3D /* OCTConverterFriendRequestTests.m */; };
		118EA3B21ACFB13300249E01 /* OCTToxTests.m in Sources */ = {isa = PBXBuildFile; fileRef = 118EA3B11ACFB13300249E01 /* OCTToxTests.m */; };
		118EA3B41AD3354F00249E01 /* OCTFriendsContainerTests.m in Sources */ = {isa = PBXBuildFile; fileRef = 118EA3B31AD3354F00249E01 /* OCTFriendsContainerTests.m */; };
		11B5BD481AEADDDD0046C714 /* OCTDBMessageFileTests.m in Sources */ = {isa = PBXBuildFile; fileRef = 11B5BD471AEADDDD0046C714 /* OCTDBMessageFileTests.m */; };
		11B5BD4A1AEADDE70046C714 /* OCTDBMessageTextTests.m in Sources */ = {isa = PBXBuildFile; fileRef = 11B5BD491AEADDE70046C714 /* OCTDBMessageTextTests.m */; };
		11B5BD4D1AEC02DB0046C714 /* OCTChat.m in Sources */ = {isa = PBXBuildFile; fileRef = 11B5BD4C1AEC02DB0046C714 /* OCTChat.m */; };
		11B5BD4F1AEC19340046C714 /* OCTChatTests.m in Sources */ = {isa = PBXBuildFile; fileRef = 11B5BD4E1AEC19340046C714 /* OCTChatTests.m */; };
		11B5BD581AEE63080046C714 /* OCTDBFriend.m in Sources */ = {isa = PBXBuildFile; fileRef = 11B5BD571AEE63080046C714 /* OCTDBFriend.m */; };
		11B5BD5B1AEE696F0046C714 /* OCTDBChat.m in Sources */ = {isa = PBXBuildFile; fileRef = 11B5BD5A1AEE696F0046C714 /* OCTDBChat.m */; };
		11EDD4611AA14B3F003A0823 /* libobjcTox.a in Frameworks */ = {isa = PBXBuildFile; fileRef = 11EDD4551AA14B3F003A0823 /* libobjcTox.a */; };
		11F69A2E1AEAD166008B77FB /* OCTDBMessageAbstract.m in Sources */ = {isa = PBXBuildFile; fileRef = 11F69A2D1AEAD166008B77FB /* OCTDBMessageAbstract.m */; };
		11F69A311AEAD17C008B77FB /* OCTDBMessageFile.m in Sources */ = {isa = PBXBuildFile; fileRef = 11F69A301AEAD17C008B77FB /* OCTDBMessageFile.m */; };
		11F69A341AEAD188008B77FB /* OCTDBMessageText.m in Sources */ = {isa = PBXBuildFile; fileRef = 11F69A331AEAD188008B77FB /* OCTDBMessageText.m */; };
		11FA3DE91AE02CF800CF7498 /* OCTFriendRequest.m in Sources */ = {isa = PBXBuildFile; fileRef = 11FA3DE81AE02CF800CF7498 /* OCTFriendRequest.m */; };
		11FA3DF01AE0356700CF7498 /* OCTBasicContainer.m in Sources */ = {isa = PBXBuildFile; fileRef = 11FA3DEF1AE0356700CF7498 /* OCTBasicContainer.m */; };
		11FA3DF21AE04D1300CF7498 /* OCTManagerConstants.m in Sources */ = {isa = PBXBuildFile; fileRef = 11FA3DF11AE04D1300CF7498 /* OCTManagerConstants.m */; };
		11FA3DF41AE04DBE00CF7498 /* OCTBasicContainerTests.m in Sources */ = {isa = PBXBuildFile; fileRef = 11FA3DF31AE04DBE00CF7498 /* OCTBasicContainerTests.m */; };
		C7709841C6DD544C029CB779 /* libPods.a in Frameworks */ = {isa = PBXBuildFile; fileRef = A776AFD2CF355249FA2F4487 /* libPods.a */; };
		D5B2AED9422B65E421D700E0 /* libPods-objcToxTests.a in Frameworks */ = {isa = PBXBuildFile; fileRef = 63B94B3F9DF31C01ECA64A84 /* libPods-objcToxTests.a */; };
		F01789EB1B05467500B140A5 /* OCTDBMessageCall.m in Sources */ = {isa = PBXBuildFile; fileRef = F01789EA1B05467500B140A5 /* OCTDBMessageCall.m */; };
		F065D8451B05899B00E4A0FF /* OCTDBMessageCallTests.m in Sources */ = {isa = PBXBuildFile; fileRef = F065D8441B05899B00E4A0FF /* OCTDBMessageCallTests.m */; };
		F0D4AD151B0308D3006FEE89 /* OCTMessageCall.m in Sources */ = {isa = PBXBuildFile; fileRef = F0D4AD141B0308D3006FEE89 /* OCTMessageCall.m */; };
		F0EA1F611AFD597D006C96D5 /* OCTToxAV.m in Sources */ = {isa = PBXBuildFile; fileRef = F0EA1F601AFD597D006C96D5 /* OCTToxAV.m */; };
		F0EA1F641AFD5B69006C96D5 /* OCTCall.m in Sources */ = {isa = PBXBuildFile; fileRef = F0EA1F631AFD5B69006C96D5 /* OCTCall.m */; };
/* End PBXBuildFile section */

/* Begin PBXContainerItemProxy section */
		11EDD4621AA14B3F003A0823 /* PBXContainerItemProxy */ = {
			isa = PBXContainerItemProxy;
			containerPortal = 11EDD44D1AA14B3F003A0823 /* Project object */;
			proxyType = 1;
			remoteGlobalIDString = 11EDD4541AA14B3F003A0823;
			remoteInfo = objcTox;
		};
/* End PBXContainerItemProxy section */

/* Begin PBXCopyFilesBuildPhase section */
		11EDD4531AA14B3F003A0823 /* CopyFiles */ = {
			isa = PBXCopyFilesBuildPhase;
			buildActionMask = 2147483647;
			dstPath = "include/$(PRODUCT_NAME)";
			dstSubfolderSpec = 16;
			files = (
			);
			runOnlyForDeploymentPostprocessing = 0;
		};
/* End PBXCopyFilesBuildPhase section */

/* Begin PBXFileReference section */
		111D42681AFEC51000148994 /* OCTSubmanagerChatsTests.m */ = {isa = PBXFileReference; fileEncoding = 4; lastKnownFileType = sourcecode.c.objc; path = OCTSubmanagerChatsTests.m; sourceTree = "<group>"; };
		114196C21AAB823B0079B30A /* OCTDefaultSettingsStorageTests.m */ = {isa = PBXFileReference; fileEncoding = 4; lastKnownFileType = sourcecode.c.objc; path = OCTDefaultSettingsStorageTests.m; sourceTree = "<group>"; };
		114196CC1AAC69B60079B30A /* OCTSubmanagerAvatarsTests.m */ = {isa = PBXFileReference; fileEncoding = 4; lastKnownFileType = sourcecode.c.objc; path = OCTSubmanagerAvatarsTests.m; sourceTree = "<group>"; };
		114196D61AAC87CC0079B30A /* OCTDefaultFileStorageTests.m */ = {isa = PBXFileReference; fileEncoding = 4; lastKnownFileType = sourcecode.c.objc; path = OCTDefaultFileStorageTests.m; sourceTree = "<group>"; };
		115B9DF71ADF1708000C38C2 /* OCTDefaultFileStorage.m */ = {isa = PBXFileReference; fileEncoding = 4; lastKnownFileType = sourcecode.c.objc; path = OCTDefaultFileStorage.m; sourceTree = "<group>"; };
		115B9DF81ADF1708000C38C2 /* OCTDefaultSettingsStorage.m */ = {isa = PBXFileReference; fileEncoding = 4; lastKnownFileType = sourcecode.c.objc; path = OCTDefaultSettingsStorage.m; sourceTree = "<group>"; };
		115B9DF91ADF1708000C38C2 /* OCTManagerConfiguration.m */ = {isa = PBXFileReference; fileEncoding = 4; lastKnownFileType = sourcecode.c.objc; path = OCTManagerConfiguration.m; sourceTree = "<group>"; };
		115B9DFB1ADF1708000C38C2 /* OCTFriend.m */ = {isa = PBXFileReference; fileEncoding = 4; lastKnownFileType = sourcecode.c.objc; path = OCTFriend.m; sourceTree = "<group>"; };
		115B9DFC1ADF1708000C38C2 /* OCTMessageAbstract.m */ = {isa = PBXFileReference; fileEncoding = 4; lastKnownFileType = sourcecode.c.objc; path = OCTMessageAbstract.m; sourceTree = "<group>"; };
		115B9DFD1ADF1708000C38C2 /* OCTMessageFile.m */ = {isa = PBXFileReference; fileEncoding = 4; lastKnownFileType = sourcecode.c.objc; path = OCTMessageFile.m; sourceTree = "<group>"; };
		115B9DFE1ADF1708000C38C2 /* OCTMessageText.m */ = {isa = PBXFileReference; fileEncoding = 4; lastKnownFileType = sourcecode.c.objc; path = OCTMessageText.m; sourceTree = "<group>"; };
		115B9DFF1ADF1708000C38C2 /* OCTManager.m */ = {isa = PBXFileReference; fileEncoding = 4; lastKnownFileType = sourcecode.c.objc; path = OCTManager.m; sourceTree = "<group>"; };
		115B9E011ADF1708000C38C2 /* OCTFriendsContainer.m */ = {isa = PBXFileReference; fileEncoding = 4; lastKnownFileType = sourcecode.c.objc; path = OCTFriendsContainer.m; sourceTree = "<group>"; };
		115B9E021ADF1708000C38C2 /* OCTSubmanagerAvatars.m */ = {isa = PBXFileReference; fileEncoding = 4; lastKnownFileType = sourcecode.c.objc; path = OCTSubmanagerAvatars.m; sourceTree = "<group>"; };
		115B9E031ADF1708000C38C2 /* OCTSubmanagerDataSource.h */ = {isa = PBXFileReference; fileEncoding = 4; lastKnownFileType = sourcecode.c.h; path = OCTSubmanagerDataSource.h; sourceTree = "<group>"; };
		115B9E041ADF1708000C38C2 /* OCTSubmanagerFriends.m */ = {isa = PBXFileReference; fileEncoding = 4; lastKnownFileType = sourcecode.c.objc; path = OCTSubmanagerFriends.m; sourceTree = "<group>"; };
		115B9E061ADF1708000C38C2 /* OCTTox.m */ = {isa = PBXFileReference; fileEncoding = 4; lastKnownFileType = sourcecode.c.objc; path = OCTTox.m; sourceTree = "<group>"; };
		115B9E071ADF1708000C38C2 /* OCTToxConstants.m */ = {isa = PBXFileReference; fileEncoding = 4; lastKnownFileType = sourcecode.c.objc; path = OCTToxConstants.m; sourceTree = "<group>"; };
		115B9E081ADF1708000C38C2 /* OCTToxOptions.m */ = {isa = PBXFileReference; fileEncoding = 4; lastKnownFileType = sourcecode.c.objc; path = OCTToxOptions.m; sourceTree = "<group>"; };
		115B9E0C1ADF1708000C38C2 /* OCTDefaultFileStorage.h */ = {isa = PBXFileReference; fileEncoding = 4; lastKnownFileType = sourcecode.c.h; path = OCTDefaultFileStorage.h; sourceTree = "<group>"; };
		115B9E0D1ADF1708000C38C2 /* OCTDefaultSettingsStorage.h */ = {isa = PBXFileReference; fileEncoding = 4; lastKnownFileType = sourcecode.c.h; path = OCTDefaultSettingsStorage.h; sourceTree = "<group>"; };
		115B9E0E1ADF1708000C38C2 /* OCTFileStorageProtocol.h */ = {isa = PBXFileReference; fileEncoding = 4; lastKnownFileType = sourcecode.c.h; path = OCTFileStorageProtocol.h; sourceTree = "<group>"; };
		115B9E0F1ADF1708000C38C2 /* OCTManagerConfiguration.h */ = {isa = PBXFileReference; fileEncoding = 4; lastKnownFileType = sourcecode.c.h; path = OCTManagerConfiguration.h; sourceTree = "<group>"; };
		115B9E101ADF1708000C38C2 /* OCTSettingsStorageProtocol.h */ = {isa = PBXFileReference; fileEncoding = 4; lastKnownFileType = sourcecode.c.h; path = OCTSettingsStorageProtocol.h; sourceTree = "<group>"; };
		115B9E121ADF1708000C38C2 /* OCTFriend.h */ = {isa = PBXFileReference; fileEncoding = 4; lastKnownFileType = sourcecode.c.h; path = OCTFriend.h; sourceTree = "<group>"; };
		115B9E131ADF1708000C38C2 /* OCTMessageAbstract.h */ = {isa = PBXFileReference; fileEncoding = 4; lastKnownFileType = sourcecode.c.h; path = OCTMessageAbstract.h; sourceTree = "<group>"; };
		115B9E141ADF1708000C38C2 /* OCTMessageFile.h */ = {isa = PBXFileReference; fileEncoding = 4; lastKnownFileType = sourcecode.c.h; path = OCTMessageFile.h; sourceTree = "<group>"; };
		115B9E151ADF1708000C38C2 /* OCTMessageText.h */ = {isa = PBXFileReference; fileEncoding = 4; lastKnownFileType = sourcecode.c.h; path = OCTMessageText.h; sourceTree = "<group>"; };
		115B9E161ADF1708000C38C2 /* OCTManager.h */ = {isa = PBXFileReference; fileEncoding = 4; lastKnownFileType = sourcecode.c.h; path = OCTManager.h; sourceTree = "<group>"; };
		115B9E171ADF1708000C38C2 /* OCTManagerConstants.h */ = {isa = PBXFileReference; fileEncoding = 4; lastKnownFileType = sourcecode.c.h; path = OCTManagerConstants.h; sourceTree = "<group>"; };
		115B9E191ADF1708000C38C2 /* OCTFriendsContainer.h */ = {isa = PBXFileReference; fileEncoding = 4; lastKnownFileType = sourcecode.c.h; path = OCTFriendsContainer.h; sourceTree = "<group>"; };
		115B9E1A1ADF1708000C38C2 /* OCTSubmanagerAvatars.h */ = {isa = PBXFileReference; fileEncoding = 4; lastKnownFileType = sourcecode.c.h; path = OCTSubmanagerAvatars.h; sourceTree = "<group>"; };
		115B9E1B1ADF1708000C38C2 /* OCTSubmanagerFriends.h */ = {isa = PBXFileReference; fileEncoding = 4; lastKnownFileType = sourcecode.c.h; path = OCTSubmanagerFriends.h; sourceTree = "<group>"; };
		115B9E1D1ADF1708000C38C2 /* OCTTox.h */ = {isa = PBXFileReference; fileEncoding = 4; lastKnownFileType = sourcecode.c.h; path = OCTTox.h; sourceTree = "<group>"; };
		115B9E1E1ADF1708000C38C2 /* OCTToxConstants.h */ = {isa = PBXFileReference; fileEncoding = 4; lastKnownFileType = sourcecode.c.h; path = OCTToxConstants.h; sourceTree = "<group>"; };
		115B9E1F1ADF1708000C38C2 /* OCTToxDelegate.h */ = {isa = PBXFileReference; fileEncoding = 4; lastKnownFileType = sourcecode.c.h; path = OCTToxDelegate.h; sourceTree = "<group>"; };
		115B9E201ADF1708000C38C2 /* OCTToxOptions.h */ = {isa = PBXFileReference; fileEncoding = 4; lastKnownFileType = sourcecode.c.h; path = OCTToxOptions.h; sourceTree = "<group>"; };
		115B9E321ADF1780000C38C2 /* OCTSubmanagerAvatars+Private.h */ = {isa = PBXFileReference; fileEncoding = 4; lastKnownFileType = sourcecode.c.h; path = "OCTSubmanagerAvatars+Private.h"; sourceTree = "<group>"; };
		115B9E351ADF1796000C38C2 /* OCTSubmanagerFriends+Private.h */ = {isa = PBXFileReference; fileEncoding = 4; lastKnownFileType = sourcecode.c.h; path = "OCTSubmanagerFriends+Private.h"; sourceTree = "<group>"; };
		115B9E381ADF17AB000C38C2 /* OCTFriendsContainer+Private.h */ = {isa = PBXFileReference; fileEncoding = 4; lastKnownFileType = sourcecode.c.h; path = "OCTFriendsContainer+Private.h"; sourceTree = "<group>"; };
		116EE6961AE3C7180059C8D3 /* OCTDBManager.h */ = {isa = PBXFileReference; fileEncoding = 4; lastKnownFileType = sourcecode.c.h; path = OCTDBManager.h; sourceTree = "<group>"; };
		116EE6971AE3C7180059C8D3 /* OCTDBManager.m */ = {isa = PBXFileReference; fileEncoding = 4; lastKnownFileType = sourcecode.c.objc; path = OCTDBManager.m; sourceTree = "<group>"; };
		116EE6991AE3C72F0059C8D3 /* OCTDBFriendRequest.h */ = {isa = PBXFileReference; fileEncoding = 4; lastKnownFileType = sourcecode.c.h; path = OCTDBFriendRequest.h; sourceTree = "<group>"; };
		116EE69A1AE3C72F0059C8D3 /* OCTDBFriendRequest.m */ = {isa = PBXFileReference; fileEncoding = 4; lastKnownFileType = sourcecode.c.objc; path = OCTDBFriendRequest.m; sourceTree = "<group>"; };
		116EE69E1AE40B350059C8D3 /* OCTDBManagerTests.m */ = {isa = PBXFileReference; fileEncoding = 4; lastKnownFileType = sourcecode.c.objc; path = OCTDBManagerTests.m; sourceTree = "<group>"; };
		1173BDEB1AB62D9B00E43D75 /* OCTManagerTests.m */ = {isa = PBXFileReference; fileEncoding = 4; lastKnownFileType = sourcecode.c.objc; path = OCTManagerTests.m; sourceTree = "<group>"; };
		1173BDED1AB62FD100E43D75 /* OCTManagerConfigurationTests.m */ = {isa = PBXFileReference; fileEncoding = 4; lastKnownFileType = sourcecode.c.objc; path = OCTManagerConfigurationTests.m; sourceTree = "<group>"; };
		1173BDEF1AB6319E00E43D75 /* OCTSubmanagerFriendsTests.m */ = {isa = PBXFileReference; fileEncoding = 4; lastKnownFileType = sourcecode.c.objc; path = OCTSubmanagerFriendsTests.m; sourceTree = "<group>"; };
		1186202A1AF4CC3E00793A3D /* OCTArray.h */ = {isa = PBXFileReference; fileEncoding = 4; lastKnownFileType = sourcecode.c.h; path = OCTArray.h; sourceTree = "<group>"; };
		1186202D1AF4CC5200793A3D /* OCTArray.m */ = {isa = PBXFileReference; fileEncoding = 4; lastKnownFileType = sourcecode.c.objc; path = OCTArray.m; sourceTree = "<group>"; };
		1186202F1AF4CC6C00793A3D /* OCTArray+Private.h */ = {isa = PBXFileReference; fileEncoding = 4; lastKnownFileType = sourcecode.c.h; path = "OCTArray+Private.h"; sourceTree = "<group>"; };
		118620321AF4D60400793A3D /* OCTDBMessageAbstractTests.m */ = {isa = PBXFileReference; fileEncoding = 4; lastKnownFileType = sourcecode.c.objc; path = OCTDBMessageAbstractTests.m; sourceTree = "<group>"; };
		118620341AF4F31700793A3D /* OCTSortDescriptor.h */ = {isa = PBXFileReference; fileEncoding = 4; lastKnownFileType = sourcecode.c.h; path = OCTSortDescriptor.h; sourceTree = "<group>"; };
		118620371AF4F32800793A3D /* OCTSortDescriptor.m */ = {isa = PBXFileReference; fileEncoding = 4; lastKnownFileType = sourcecode.c.objc; path = OCTSortDescriptor.m; sourceTree = "<group>"; };
		1186203A1AF4FE4800793A3D /* OCTArrayTests.m */ = {isa = PBXFileReference; fileEncoding = 4; lastKnownFileType = sourcecode.c.objc; path = OCTArrayTests.m; sourceTree = "<group>"; };
		1186204A1AF51CD400793A3D /* OCTConverterFriendRequest.h */ = {isa = PBXFileReference; fileEncoding = 4; lastKnownFileType = sourcecode.c.h; path = OCTConverterFriendRequest.h; sourceTree = "<group>"; };
		1186204B1AF51CD400793A3D /* OCTConverterFriendRequest.m */ = {isa = PBXFileReference; fileEncoding = 4; lastKnownFileType = sourcecode.c.objc; path = OCTConverterFriendRequest.m; sourceTree = "<group>"; };
		1186204C1AF51CD400793A3D /* OCTConverterProtocol.h */ = {isa = PBXFileReference; fileEncoding = 4; lastKnownFileType = sourcecode.c.h; path = OCTConverterProtocol.h; sourceTree = "<group>"; };
		1186204E1AF6124700793A3D /* OCTConverterFriend.h */ = {isa = PBXFileReference; fileEncoding = 4; lastKnownFileType = sourcecode.c.h; path = OCTConverterFriend.h; sourceTree = "<group>"; };
		1186204F1AF6124700793A3D /* OCTConverterFriend.m */ = {isa = PBXFileReference; fileEncoding = 4; lastKnownFileType = sourcecode.c.objc; path = OCTConverterFriend.m; sourceTree = "<group>"; };
		118620511AF8E91C00793A3D /* OCTConverterFriendTests.m */ = {isa = PBXFileReference; fileEncoding = 4; lastKnownFileType = sourcecode.c.objc; path = OCTConverterFriendTests.m; sourceTree = "<group>"; };
		118620531AF9005700793A3D /* OCTConverterMessage.h */ = {isa = PBXFileReference; fileEncoding = 4; lastKnownFileType = sourcecode.c.h; path = OCTConverterMessage.h; sourceTree = "<group>"; };
		118620541AF9005700793A3D /* OCTConverterMessage.m */ = {isa = PBXFileReference; fileEncoding = 4; lastKnownFileType = sourcecode.c.objc; path = OCTConverterMessage.m; sourceTree = "<group>"; };
		118620561AF904B500793A3D /* OCTConverterMessageTests.m */ = {isa = PBXFileReference; fileEncoding = 4; lastKnownFileType = sourcecode.c.objc; path = OCTConverterMessageTests.m; sourceTree = "<group>"; };
		118620581AF9080A00793A3D /* OCTConverterChat.h */ = {isa = PBXFileReference; fileEncoding = 4; lastKnownFileType = sourcecode.c.h; path = OCTConverterChat.h; sourceTree = "<group>"; };
		118620591AF9080A00793A3D /* OCTConverterChat.m */ = {isa = PBXFileReference; fileEncoding = 4; lastKnownFileType = sourcecode.c.objc; path = OCTConverterChat.m; sourceTree = "<group>"; };
		1186205B1AF9187800793A3D /* OCTConverterChatTests.m */ = {isa = PBXFileReference; fileEncoding = 4; lastKnownFileType = sourcecode.c.objc; path = OCTConverterChatTests.m; sourceTree = "<group>"; };
		1186205D1AF91ECB00793A3D /* OCTSubmanagerChats.h */ = {isa = PBXFileReference; fileEncoding = 4; lastKnownFileType = sourcecode.c.h; path = OCTSubmanagerChats.h; sourceTree = "<group>"; };
		118620601AF91EDF00793A3D /* OCTSubmanagerChats.m */ = {isa = PBXFileReference; fileEncoding = 4; lastKnownFileType = sourcecode.c.objc; path = OCTSubmanagerChats.m; sourceTree = "<group>"; };
		118620621AF91F2A00793A3D /* OCTSubmanagerChats+Private.h */ = {isa = PBXFileReference; fileEncoding = 4; lastKnownFileType = sourcecode.c.h; path = "OCTSubmanagerChats+Private.h"; sourceTree = "<group>"; };
		118620651AFEA0C700793A3D /* OCTConverterFriendRequestTests.m */ = {isa = PBXFileReference; fileEncoding = 4; lastKnownFileType = sourcecode.c.objc; path = OCTConverterFriendRequestTests.m; sourceTree = "<group>"; };
		118EA3B11ACFB13300249E01 /* OCTToxTests.m */ = {isa = PBXFileReference; fileEncoding = 4; lastKnownFileType = sourcecode.c.objc; path = OCTToxTests.m; sourceTree = "<group>"; };
		118EA3B31AD3354F00249E01 /* OCTFriendsContainerTests.m */ = {isa = PBXFileReference; fileEncoding = 4; lastKnownFileType = sourcecode.c.objc; path = OCTFriendsContainerTests.m; sourceTree = "<group>"; };
		11B5BD471AEADDDD0046C714 /* OCTDBMessageFileTests.m */ = {isa = PBXFileReference; fileEncoding = 4; lastKnownFileType = sourcecode.c.objc; path = OCTDBMessageFileTests.m; sourceTree = "<group>"; };
		11B5BD491AEADDE70046C714 /* OCTDBMessageTextTests.m */ = {isa = PBXFileReference; fileEncoding = 4; lastKnownFileType = sourcecode.c.objc; path = OCTDBMessageTextTests.m; sourceTree = "<group>"; };
		11B5BD4B1AEC02C40046C714 /* OCTChat.h */ = {isa = PBXFileReference; lastKnownFileType = sourcecode.c.h; path = OCTChat.h; sourceTree = "<group>"; };
		11B5BD4C1AEC02DB0046C714 /* OCTChat.m */ = {isa = PBXFileReference; fileEncoding = 4; lastKnownFileType = sourcecode.c.objc; path = OCTChat.m; sourceTree = "<group>"; };
		11B5BD4E1AEC19340046C714 /* OCTChatTests.m */ = {isa = PBXFileReference; fileEncoding = 4; lastKnownFileType = sourcecode.c.objc; path = OCTChatTests.m; sourceTree = "<group>"; };
		11B5BD501AEE4E830046C714 /* OCTChat+Private.h */ = {isa = PBXFileReference; fileEncoding = 4; lastKnownFileType = sourcecode.c.h; path = "OCTChat+Private.h"; sourceTree = "<group>"; };
		11B5BD561AEE63080046C714 /* OCTDBFriend.h */ = {isa = PBXFileReference; fileEncoding = 4; lastKnownFileType = sourcecode.c.h; path = OCTDBFriend.h; sourceTree = "<group>"; };
		11B5BD571AEE63080046C714 /* OCTDBFriend.m */ = {isa = PBXFileReference; fileEncoding = 4; lastKnownFileType = sourcecode.c.objc; path = OCTDBFriend.m; sourceTree = "<group>"; };
		11B5BD591AEE696F0046C714 /* OCTDBChat.h */ = {isa = PBXFileReference; fileEncoding = 4; lastKnownFileType = sourcecode.c.h; path = OCTDBChat.h; sourceTree = "<group>"; };
		11B5BD5A1AEE696F0046C714 /* OCTDBChat.m */ = {isa = PBXFileReference; fileEncoding = 4; lastKnownFileType = sourcecode.c.objc; path = OCTDBChat.m; sourceTree = "<group>"; };
		11EDD4551AA14B3F003A0823 /* libobjcTox.a */ = {isa = PBXFileReference; explicitFileType = archive.ar; includeInIndex = 0; path = libobjcTox.a; sourceTree = BUILT_PRODUCTS_DIR; };
		11EDD4601AA14B3F003A0823 /* objcToxTests.xctest */ = {isa = PBXFileReference; explicitFileType = wrapper.cfbundle; includeInIndex = 0; path = objcToxTests.xctest; sourceTree = BUILT_PRODUCTS_DIR; };
		11EDD4661AA14B3F003A0823 /* Info.plist */ = {isa = PBXFileReference; lastKnownFileType = text.plist.xml; path = Info.plist; sourceTree = "<group>"; };
		11F69A291AE56679008B77FB /* OCTFriend+Private.h */ = {isa = PBXFileReference; fileEncoding = 4; lastKnownFileType = sourcecode.c.h; path = "OCTFriend+Private.h"; sourceTree = "<group>"; };
		11F69A2C1AEAD166008B77FB /* OCTDBMessageAbstract.h */ = {isa = PBXFileReference; fileEncoding = 4; lastKnownFileType = sourcecode.c.h; path = OCTDBMessageAbstract.h; sourceTree = "<group>"; };
		11F69A2D1AEAD166008B77FB /* OCTDBMessageAbstract.m */ = {isa = PBXFileReference; fileEncoding = 4; lastKnownFileType = sourcecode.c.objc; path = OCTDBMessageAbstract.m; sourceTree = "<group>"; };
		11F69A2F1AEAD17C008B77FB /* OCTDBMessageFile.h */ = {isa = PBXFileReference; fileEncoding = 4; lastKnownFileType = sourcecode.c.h; path = OCTDBMessageFile.h; sourceTree = "<group>"; };
		11F69A301AEAD17C008B77FB /* OCTDBMessageFile.m */ = {isa = PBXFileReference; fileEncoding = 4; lastKnownFileType = sourcecode.c.objc; path = OCTDBMessageFile.m; sourceTree = "<group>"; };
		11F69A321AEAD188008B77FB /* OCTDBMessageText.h */ = {isa = PBXFileReference; fileEncoding = 4; lastKnownFileType = sourcecode.c.h; path = OCTDBMessageText.h; sourceTree = "<group>"; };
		11F69A331AEAD188008B77FB /* OCTDBMessageText.m */ = {isa = PBXFileReference; fileEncoding = 4; lastKnownFileType = sourcecode.c.objc; path = OCTDBMessageText.m; sourceTree = "<group>"; };
		11F69A351AEAD42E008B77FB /* OCTMessageAbstract+Private.h */ = {isa = PBXFileReference; fileEncoding = 4; lastKnownFileType = sourcecode.c.h; path = "OCTMessageAbstract+Private.h"; sourceTree = "<group>"; };
		11F69A381AEAD43C008B77FB /* OCTMessageFile+Private.h */ = {isa = PBXFileReference; fileEncoding = 4; lastKnownFileType = sourcecode.c.h; path = "OCTMessageFile+Private.h"; sourceTree = "<group>"; };
		11F69A3B1AEAD446008B77FB /* OCTMessageText+Private.h */ = {isa = PBXFileReference; fileEncoding = 4; lastKnownFileType = sourcecode.c.h; path = "OCTMessageText+Private.h"; sourceTree = "<group>"; };
		11FA3DE51AE02CD200CF7498 /* OCTFriendRequest.h */ = {isa = PBXFileReference; fileEncoding = 4; lastKnownFileType = sourcecode.c.h; path = OCTFriendRequest.h; sourceTree = "<group>"; };
		11FA3DE81AE02CF800CF7498 /* OCTFriendRequest.m */ = {isa = PBXFileReference; fileEncoding = 4; lastKnownFileType = sourcecode.c.objc; path = OCTFriendRequest.m; sourceTree = "<group>"; };
		11FA3DEE1AE0356700CF7498 /* OCTBasicContainer.h */ = {isa = PBXFileReference; fileEncoding = 4; lastKnownFileType = sourcecode.c.h; path = OCTBasicContainer.h; sourceTree = "<group>"; };
		11FA3DEF1AE0356700CF7498 /* OCTBasicContainer.m */ = {isa = PBXFileReference; fileEncoding = 4; lastKnownFileType = sourcecode.c.objc; path = OCTBasicContainer.m; sourceTree = "<group>"; };
		11FA3DF11AE04D1300CF7498 /* OCTManagerConstants.m */ = {isa = PBXFileReference; fileEncoding = 4; lastKnownFileType = sourcecode.c.objc; path = OCTManagerConstants.m; sourceTree = "<group>"; };
		11FA3DF31AE04DBE00CF7498 /* OCTBasicContainerTests.m */ = {isa = PBXFileReference; fileEncoding = 4; lastKnownFileType = sourcecode.c.objc; path = OCTBasicContainerTests.m; sourceTree = "<group>"; };
		63B94B3F9DF31C01ECA64A84 /* libPods-objcToxTests.a */ = {isa = PBXFileReference; explicitFileType = archive.ar; includeInIndex = 0; path = "libPods-objcToxTests.a"; sourceTree = BUILT_PRODUCTS_DIR; };
		63D0413DDDA781BF956E483E /* Pods-objcToxTests.release.xcconfig */ = {isa = PBXFileReference; includeInIndex = 1; lastKnownFileType = text.xcconfig; name = "Pods-objcToxTests.release.xcconfig"; path = "Pods/Target Support Files/Pods-objcToxTests/Pods-objcToxTests.release.xcconfig"; sourceTree = "<group>"; };
		977FEB009110A2C76E6EE7B5 /* Pods.debug.xcconfig */ = {isa = PBXFileReference; includeInIndex = 1; lastKnownFileType = text.xcconfig; name = Pods.debug.xcconfig; path = "Pods/Target Support Files/Pods/Pods.debug.xcconfig"; sourceTree = "<group>"; };
		A776AFD2CF355249FA2F4487 /* libPods.a */ = {isa = PBXFileReference; explicitFileType = archive.ar; includeInIndex = 0; path = libPods.a; sourceTree = BUILT_PRODUCTS_DIR; };
		D21CC3334238090ECE69B229 /* Pods-objcToxTests.debug.xcconfig */ = {isa = PBXFileReference; includeInIndex = 1; lastKnownFileType = text.xcconfig; name = "Pods-objcToxTests.debug.xcconfig"; path = "Pods/Target Support Files/Pods-objcToxTests/Pods-objcToxTests.debug.xcconfig"; sourceTree = "<group>"; };
		F01789E81B053A8D00B140A5 /* OCTMessageCall+Private.h */ = {isa = PBXFileReference; fileEncoding = 4; lastKnownFileType = sourcecode.c.h; path = "OCTMessageCall+Private.h"; sourceTree = "<group>"; };
		F01789E91B05467500B140A5 /* OCTDBMessageCall.h */ = {isa = PBXFileReference; fileEncoding = 4; lastKnownFileType = sourcecode.c.h; path = OCTDBMessageCall.h; sourceTree = "<group>"; };
		F01789EA1B05467500B140A5 /* OCTDBMessageCall.m */ = {isa = PBXFileReference; fileEncoding = 4; lastKnownFileType = sourcecode.c.objc; path = OCTDBMessageCall.m; sourceTree = "<group>"; };
		F03CB77C1AFFCFBF00A730A8 /* OCTCallSubmanager.h */ = {isa = PBXFileReference; lastKnownFileType = sourcecode.c.h; path = OCTCallSubmanager.h; sourceTree = "<group>"; };
		F065D8441B05899B00E4A0FF /* OCTDBMessageCallTests.m */ = {isa = PBXFileReference; fileEncoding = 4; lastKnownFileType = sourcecode.c.objc; path = OCTDBMessageCallTests.m; sourceTree = "<group>"; };
		F0D4AD131B0308D3006FEE89 /* OCTMessageCall.h */ = {isa = PBXFileReference; fileEncoding = 4; lastKnownFileType = sourcecode.c.h; path = OCTMessageCall.h; sourceTree = "<group>"; };
		F0D4AD141B0308D3006FEE89 /* OCTMessageCall.m */ = {isa = PBXFileReference; fileEncoding = 4; lastKnownFileType = sourcecode.c.objc; path = OCTMessageCall.m; sourceTree = "<group>"; };
		F0EA1F5F1AFD597D006C96D5 /* OCTToxAV.h */ = {isa = PBXFileReference; fileEncoding = 4; lastKnownFileType = sourcecode.c.h; path = OCTToxAV.h; sourceTree = "<group>"; };
		F0EA1F601AFD597D006C96D5 /* OCTToxAV.m */ = {isa = PBXFileReference; fileEncoding = 4; lastKnownFileType = sourcecode.c.objc; path = OCTToxAV.m; sourceTree = "<group>"; };
		F0EA1F621AFD5B69006C96D5 /* OCTCall.h */ = {isa = PBXFileReference; fileEncoding = 4; lastKnownFileType = sourcecode.c.h; path = OCTCall.h; sourceTree = "<group>"; };
		F0EA1F631AFD5B69006C96D5 /* OCTCall.m */ = {isa = PBXFileReference; fileEncoding = 4; lastKnownFileType = sourcecode.c.objc; path = OCTCall.m; sourceTree = "<group>"; };
		FB6283BE28EE49868A724A91 /* Pods.release.xcconfig */ = {isa = PBXFileReference; includeInIndex = 1; lastKnownFileType = text.xcconfig; name = Pods.release.xcconfig; path = "Pods/Target Support Files/Pods/Pods.release.xcconfig"; sourceTree = "<group>"; };
/* End PBXFileReference section */

/* Begin PBXFrameworksBuildPhase section */
		11EDD4521AA14B3F003A0823 /* Frameworks */ = {
			isa = PBXFrameworksBuildPhase;
			buildActionMask = 2147483647;
			files = (
				C7709841C6DD544C029CB779 /* libPods.a in Frameworks */,
			);
			runOnlyForDeploymentPostprocessing = 0;
		};
		11EDD45D1AA14B3F003A0823 /* Frameworks */ = {
			isa = PBXFrameworksBuildPhase;
			buildActionMask = 2147483647;
			files = (
				11EDD4611AA14B3F003A0823 /* libobjcTox.a in Frameworks */,
				D5B2AED9422B65E421D700E0 /* libPods-objcToxTests.a in Frameworks */,
			);
			runOnlyForDeploymentPostprocessing = 0;
		};
/* End PBXFrameworksBuildPhase section */

/* Begin PBXGroup section */
		115B9DF41ADF1708000C38C2 /* Private */ = {
			isa = PBXGroup;
			children = (
				115B9DF51ADF1708000C38C2 /* Manager */,
				115B9E051ADF1708000C38C2 /* Wrapper */,
			);
			path = Private;
			sourceTree = "<group>";
		};
		115B9DF51ADF1708000C38C2 /* Manager */ = {
			isa = PBXGroup;
			children = (
				115B9DFF1ADF1708000C38C2 /* OCTManager.m */,
				11FA3DF11AE04D1300CF7498 /* OCTManagerConstants.m */,
				115B9DF61ADF1708000C38C2 /* Configuration */,
				118620491AF51CD400793A3D /* Converters */,
				116EE6951AE3C6C30059C8D3 /* Database */,
				115B9DFA1ADF1708000C38C2 /* Objects */,
				115B9E001ADF1708000C38C2 /* Submanagers */,
			);
			path = Manager;
			sourceTree = "<group>";
		};
		115B9DF61ADF1708000C38C2 /* Configuration */ = {
			isa = PBXGroup;
			children = (
				115B9DF71ADF1708000C38C2 /* OCTDefaultFileStorage.m */,
				115B9DF81ADF1708000C38C2 /* OCTDefaultSettingsStorage.m */,
				115B9DF91ADF1708000C38C2 /* OCTManagerConfiguration.m */,
			);
			path = Configuration;
			sourceTree = "<group>";
		};
		115B9DFA1ADF1708000C38C2 /* Objects */ = {
			isa = PBXGroup;
			children = (
				1186202D1AF4CC5200793A3D /* OCTArray.m */,
				1186202F1AF4CC6C00793A3D /* OCTArray+Private.h */,
				11FA3DEE1AE0356700CF7498 /* OCTBasicContainer.h */,
				11FA3DEF1AE0356700CF7498 /* OCTBasicContainer.m */,
				11B5BD4C1AEC02DB0046C714 /* OCTChat.m */,
				11B5BD501AEE4E830046C714 /* OCTChat+Private.h */,
				115B9DFB1ADF1708000C38C2 /* OCTFriend.m */,
				11F69A291AE56679008B77FB /* OCTFriend+Private.h */,
				11FA3DE81AE02CF800CF7498 /* OCTFriendRequest.m */,
				115B9DFC1ADF1708000C38C2 /* OCTMessageAbstract.m */,
				11F69A351AEAD42E008B77FB /* OCTMessageAbstract+Private.h */,
				115B9DFD1ADF1708000C38C2 /* OCTMessageFile.m */,
				11F69A381AEAD43C008B77FB /* OCTMessageFile+Private.h */,
				115B9DFE1ADF1708000C38C2 /* OCTMessageText.m */,
				F0D4AD141B0308D3006FEE89 /* OCTMessageCall.m */,
				11F69A3B1AEAD446008B77FB /* OCTMessageText+Private.h */,
				118620371AF4F32800793A3D /* OCTSortDescriptor.m */,
				F0EA1F631AFD5B69006C96D5 /* OCTCall.m */,
				F01789E81B053A8D00B140A5 /* OCTMessageCall+Private.h */,
			);
			path = Objects;
			sourceTree = "<group>";
		};
		115B9E001ADF1708000C38C2 /* Submanagers */ = {
			isa = PBXGroup;
			children = (
				115B9E011ADF1708000C38C2 /* OCTFriendsContainer.m */,
				115B9E381ADF17AB000C38C2 /* OCTFriendsContainer+Private.h */,
				115B9E021ADF1708000C38C2 /* OCTSubmanagerAvatars.m */,
				115B9E321ADF1780000C38C2 /* OCTSubmanagerAvatars+Private.h */,
				115B9E031ADF1708000C38C2 /* OCTSubmanagerDataSource.h */,
				115B9E041ADF1708000C38C2 /* OCTSubmanagerFriends.m */,
				115B9E351ADF1796000C38C2 /* OCTSubmanagerFriends+Private.h */,
				118620601AF91EDF00793A3D /* OCTSubmanagerChats.m */,
				118620621AF91F2A00793A3D /* OCTSubmanagerChats+Private.h */,
			);
			path = Submanagers;
			sourceTree = "<group>";
		};
		115B9E051ADF1708000C38C2 /* Wrapper */ = {
			isa = PBXGroup;
			children = (
				F0EA1F601AFD597D006C96D5 /* OCTToxAV.m */,
				115B9E061ADF1708000C38C2 /* OCTTox.m */,
				115B9E071ADF1708000C38C2 /* OCTToxConstants.m */,
				115B9E081ADF1708000C38C2 /* OCTToxOptions.m */,
			);
			path = Wrapper;
			sourceTree = "<group>";
		};
		115B9E091ADF1708000C38C2 /* Public */ = {
			isa = PBXGroup;
			children = (
				115B9E0A1ADF1708000C38C2 /* Manager */,
				115B9E1C1ADF1708000C38C2 /* Wrapper */,
			);
			path = Public;
			sourceTree = "<group>";
		};
		115B9E0A1ADF1708000C38C2 /* Manager */ = {
			isa = PBXGroup;
			children = (
				115B9E161ADF1708000C38C2 /* OCTManager.h */,
				115B9E171ADF1708000C38C2 /* OCTManagerConstants.h */,
				115B9E0B1ADF1708000C38C2 /* Configuration */,
				115B9E111ADF1708000C38C2 /* Objects */,
				115B9E181ADF1708000C38C2 /* Submanagers */,
			);
			path = Manager;
			sourceTree = "<group>";
		};
		115B9E0B1ADF1708000C38C2 /* Configuration */ = {
			isa = PBXGroup;
			children = (
				115B9E0C1ADF1708000C38C2 /* OCTDefaultFileStorage.h */,
				115B9E0D1ADF1708000C38C2 /* OCTDefaultSettingsStorage.h */,
				115B9E0E1ADF1708000C38C2 /* OCTFileStorageProtocol.h */,
				115B9E0F1ADF1708000C38C2 /* OCTManagerConfiguration.h */,
				115B9E101ADF1708000C38C2 /* OCTSettingsStorageProtocol.h */,
			);
			path = Configuration;
			sourceTree = "<group>";
		};
		115B9E111ADF1708000C38C2 /* Objects */ = {
			isa = PBXGroup;
			children = (
				F0EA1F621AFD5B69006C96D5 /* OCTCall.h */,
				1186202A1AF4CC3E00793A3D /* OCTArray.h */,
				11B5BD4B1AEC02C40046C714 /* OCTChat.h */,
				115B9E121ADF1708000C38C2 /* OCTFriend.h */,
				11FA3DE51AE02CD200CF7498 /* OCTFriendRequest.h */,
				115B9E131ADF1708000C38C2 /* OCTMessageAbstract.h */,
				115B9E141ADF1708000C38C2 /* OCTMessageFile.h */,
				115B9E151ADF1708000C38C2 /* OCTMessageText.h */,
				118620341AF4F31700793A3D /* OCTSortDescriptor.h */,
				F0D4AD131B0308D3006FEE89 /* OCTMessageCall.h */,
			);
			path = Objects;
			sourceTree = "<group>";
		};
		115B9E181ADF1708000C38C2 /* Submanagers */ = {
			isa = PBXGroup;
			children = (
				F03CB77C1AFFCFBF00A730A8 /* OCTCallSubmanager.h */,
				115B9E191ADF1708000C38C2 /* OCTFriendsContainer.h */,
				115B9E1A1ADF1708000C38C2 /* OCTSubmanagerAvatars.h */,
				115B9E1B1ADF1708000C38C2 /* OCTSubmanagerFriends.h */,
				1186205D1AF91ECB00793A3D /* OCTSubmanagerChats.h */,
			);
			path = Submanagers;
			sourceTree = "<group>";
		};
		115B9E1C1ADF1708000C38C2 /* Wrapper */ = {
			isa = PBXGroup;
			children = (
				115B9E1D1ADF1708000C38C2 /* OCTTox.h */,
				115B9E1E1ADF1708000C38C2 /* OCTToxConstants.h */,
				115B9E1F1ADF1708000C38C2 /* OCTToxDelegate.h */,
				115B9E201ADF1708000C38C2 /* OCTToxOptions.h */,
				F0EA1F5F1AFD597D006C96D5 /* OCTToxAV.h */,
			);
			path = Wrapper;
			sourceTree = "<group>";
		};
		116EE6951AE3C6C30059C8D3 /* Database */ = {
			isa = PBXGroup;
			children = (
				11B5BD591AEE696F0046C714 /* OCTDBChat.h */,
				11B5BD5A1AEE696F0046C714 /* OCTDBChat.m */,
				11B5BD561AEE63080046C714 /* OCTDBFriend.h */,
				11B5BD571AEE63080046C714 /* OCTDBFriend.m */,
				116EE6991AE3C72F0059C8D3 /* OCTDBFriendRequest.h */,
				116EE69A1AE3C72F0059C8D3 /* OCTDBFriendRequest.m */,
				116EE6961AE3C7180059C8D3 /* OCTDBManager.h */,
				116EE6971AE3C7180059C8D3 /* OCTDBManager.m */,
				11F69A2C1AEAD166008B77FB /* OCTDBMessageAbstract.h */,
				11F69A2D1AEAD166008B77FB /* OCTDBMessageAbstract.m */,
				11F69A2F1AEAD17C008B77FB /* OCTDBMessageFile.h */,
				11F69A301AEAD17C008B77FB /* OCTDBMessageFile.m */,
				11F69A321AEAD188008B77FB /* OCTDBMessageText.h */,
				11F69A331AEAD188008B77FB /* OCTDBMessageText.m */,
				F01789E91B05467500B140A5 /* OCTDBMessageCall.h */,
				F01789EA1B05467500B140A5 /* OCTDBMessageCall.m */,
			);
			path = Database;
			sourceTree = "<group>";
		};
		118620491AF51CD400793A3D /* Converters */ = {
			isa = PBXGroup;
			children = (
				118620581AF9080A00793A3D /* OCTConverterChat.h */,
				118620591AF9080A00793A3D /* OCTConverterChat.m */,
				1186204E1AF6124700793A3D /* OCTConverterFriend.h */,
				1186204F1AF6124700793A3D /* OCTConverterFriend.m */,
				1186204A1AF51CD400793A3D /* OCTConverterFriendRequest.h */,
				1186204B1AF51CD400793A3D /* OCTConverterFriendRequest.m */,
				118620531AF9005700793A3D /* OCTConverterMessage.h */,
				118620541AF9005700793A3D /* OCTConverterMessage.m */,
				1186204C1AF51CD400793A3D /* OCTConverterProtocol.h */,
			);
			path = Converters;
			sourceTree = "<group>";
		};
		11EDD44C1AA14B3F003A0823 = {
			isa = PBXGroup;
			children = (
				11EDD4571AA14B3F003A0823 /* objcTox */,
				11EDD4641AA14B3F003A0823 /* objcToxTests */,
				11EDD4561AA14B3F003A0823 /* Products */,
				E06EC0F6DE7EA500F122DB49 /* Pods */,
				83A06929759624533F86F358 /* Frameworks */,
			);
			sourceTree = "<group>";
		};
		11EDD4561AA14B3F003A0823 /* Products */ = {
			isa = PBXGroup;
			children = (
				11EDD4551AA14B3F003A0823 /* libobjcTox.a */,
				11EDD4601AA14B3F003A0823 /* objcToxTests.xctest */,
			);
			name = Products;
			sourceTree = "<group>";
		};
		11EDD4571AA14B3F003A0823 /* objcTox */ = {
			isa = PBXGroup;
			children = (
				115B9DF41ADF1708000C38C2 /* Private */,
				115B9E091ADF1708000C38C2 /* Public */,
			);
			name = objcTox;
			path = Classes;
			sourceTree = "<group>";
		};
		11EDD4641AA14B3F003A0823 /* objcToxTests */ = {
			isa = PBXGroup;
			children = (
				1186203A1AF4FE4800793A3D /* OCTArrayTests.m */,
				11FA3DF31AE04DBE00CF7498 /* OCTBasicContainerTests.m */,
				11B5BD4E1AEC19340046C714 /* OCTChatTests.m */,
				1186205B1AF9187800793A3D /* OCTConverterChatTests.m */,
				118620651AFEA0C700793A3D /* OCTConverterFriendRequestTests.m */,
				118620511AF8E91C00793A3D /* OCTConverterFriendTests.m */,
				118620561AF904B500793A3D /* OCTConverterMessageTests.m */,
				116EE69E1AE40B350059C8D3 /* OCTDBManagerTests.m */,
				118620321AF4D60400793A3D /* OCTDBMessageAbstractTests.m */,
				11B5BD471AEADDDD0046C714 /* OCTDBMessageFileTests.m */,
				11B5BD491AEADDE70046C714 /* OCTDBMessageTextTests.m */,
				F065D8441B05899B00E4A0FF /* OCTDBMessageCallTests.m */,
				114196D61AAC87CC0079B30A /* OCTDefaultFileStorageTests.m */,
				114196C21AAB823B0079B30A /* OCTDefaultSettingsStorageTests.m */,
				118EA3B31AD3354F00249E01 /* OCTFriendsContainerTests.m */,
				1173BDED1AB62FD100E43D75 /* OCTManagerConfigurationTests.m */,
				1173BDEB1AB62D9B00E43D75 /* OCTManagerTests.m */,
				114196CC1AAC69B60079B30A /* OCTSubmanagerAvatarsTests.m */,
				111D42681AFEC51000148994 /* OCTSubmanagerChatsTests.m */,
				1173BDEF1AB6319E00E43D75 /* OCTSubmanagerFriendsTests.m */,
				118EA3B11ACFB13300249E01 /* OCTToxTests.m */,
				11EDD4651AA14B3F003A0823 /* Supporting Files */,
			);
			path = objcToxTests;
			sourceTree = "<group>";
		};
		11EDD4651AA14B3F003A0823 /* Supporting Files */ = {
			isa = PBXGroup;
			children = (
				11EDD4661AA14B3F003A0823 /* Info.plist */,
			);
			name = "Supporting Files";
			sourceTree = "<group>";
		};
		83A06929759624533F86F358 /* Frameworks */ = {
			isa = PBXGroup;
			children = (
				A776AFD2CF355249FA2F4487 /* libPods.a */,
				63B94B3F9DF31C01ECA64A84 /* libPods-objcToxTests.a */,
			);
			name = Frameworks;
			sourceTree = "<group>";
		};
		E06EC0F6DE7EA500F122DB49 /* Pods */ = {
			isa = PBXGroup;
			children = (
				977FEB009110A2C76E6EE7B5 /* Pods.debug.xcconfig */,
				FB6283BE28EE49868A724A91 /* Pods.release.xcconfig */,
				D21CC3334238090ECE69B229 /* Pods-objcToxTests.debug.xcconfig */,
				63D0413DDDA781BF956E483E /* Pods-objcToxTests.release.xcconfig */,
			);
			name = Pods;
			sourceTree = "<group>";
		};
/* End PBXGroup section */

/* Begin PBXNativeTarget section */
		11EDD4541AA14B3F003A0823 /* objcTox */ = {
			isa = PBXNativeTarget;
			buildConfigurationList = 11EDD4691AA14B3F003A0823 /* Build configuration list for PBXNativeTarget "objcTox" */;
			buildPhases = (
				DC0CFF9EBD75436989F99831 /* Check Pods Manifest.lock */,
				11EDD4511AA14B3F003A0823 /* Sources */,
				11EDD4521AA14B3F003A0823 /* Frameworks */,
				11EDD4531AA14B3F003A0823 /* CopyFiles */,
				81D3A563F39E4689521DD477 /* Copy Pods Resources */,
			);
			buildRules = (
			);
			dependencies = (
			);
			name = objcTox;
			productName = objcTox;
			productReference = 11EDD4551AA14B3F003A0823 /* libobjcTox.a */;
			productType = "com.apple.product-type.library.static";
		};
		11EDD45F1AA14B3F003A0823 /* objcToxTests */ = {
			isa = PBXNativeTarget;
			buildConfigurationList = 11EDD46C1AA14B3F003A0823 /* Build configuration list for PBXNativeTarget "objcToxTests" */;
			buildPhases = (
				10B30DF22A445610E23AEC71 /* Check Pods Manifest.lock */,
				11EDD45C1AA14B3F003A0823 /* Sources */,
				11EDD45D1AA14B3F003A0823 /* Frameworks */,
				11EDD45E1AA14B3F003A0823 /* Resources */,
				9D98BB31BE70133FFB0D7EFD /* Copy Pods Resources */,
			);
			buildRules = (
			);
			dependencies = (
				11EDD4631AA14B3F003A0823 /* PBXTargetDependency */,
			);
			name = objcToxTests;
			productName = objcToxTests;
			productReference = 11EDD4601AA14B3F003A0823 /* objcToxTests.xctest */;
			productType = "com.apple.product-type.bundle.unit-test";
		};
/* End PBXNativeTarget section */

/* Begin PBXProject section */
		11EDD44D1AA14B3F003A0823 /* Project object */ = {
			isa = PBXProject;
			attributes = {
				CLASSPREFIX = OCT;
				LastUpgradeCheck = 0610;
				ORGANIZATIONNAME = dvor;
				TargetAttributes = {
					11EDD4541AA14B3F003A0823 = {
						CreatedOnToolsVersion = 6.1.1;
					};
					11EDD45F1AA14B3F003A0823 = {
						CreatedOnToolsVersion = 6.1.1;
					};
				};
			};
			buildConfigurationList = 11EDD4501AA14B3F003A0823 /* Build configuration list for PBXProject "objcTox" */;
			compatibilityVersion = "Xcode 3.2";
			developmentRegion = English;
			hasScannedForEncodings = 0;
			knownRegions = (
				en,
			);
			mainGroup = 11EDD44C1AA14B3F003A0823;
			productRefGroup = 11EDD4561AA14B3F003A0823 /* Products */;
			projectDirPath = "";
			projectRoot = "";
			targets = (
				11EDD4541AA14B3F003A0823 /* objcTox */,
				11EDD45F1AA14B3F003A0823 /* objcToxTests */,
			);
		};
/* End PBXProject section */

/* Begin PBXResourcesBuildPhase section */
		11EDD45E1AA14B3F003A0823 /* Resources */ = {
			isa = PBXResourcesBuildPhase;
			buildActionMask = 2147483647;
			files = (
			);
			runOnlyForDeploymentPostprocessing = 0;
		};
/* End PBXResourcesBuildPhase section */

/* Begin PBXShellScriptBuildPhase section */
		10B30DF22A445610E23AEC71 /* Check Pods Manifest.lock */ = {
			isa = PBXShellScriptBuildPhase;
			buildActionMask = 2147483647;
			files = (
			);
			inputPaths = (
			);
			name = "Check Pods Manifest.lock";
			outputPaths = (
			);
			runOnlyForDeploymentPostprocessing = 0;
			shellPath = /bin/sh;
			shellScript = "diff \"${PODS_ROOT}/../Podfile.lock\" \"${PODS_ROOT}/Manifest.lock\" > /dev/null\nif [[ $? != 0 ]] ; then\n    cat << EOM\nerror: The sandbox is not in sync with the Podfile.lock. Run 'pod install' or update your CocoaPods installation.\nEOM\n    exit 1\nfi\n";
			showEnvVarsInLog = 0;
		};
		81D3A563F39E4689521DD477 /* Copy Pods Resources */ = {
			isa = PBXShellScriptBuildPhase;
			buildActionMask = 2147483647;
			files = (
			);
			inputPaths = (
			);
			name = "Copy Pods Resources";
			outputPaths = (
			);
			runOnlyForDeploymentPostprocessing = 0;
			shellPath = /bin/sh;
			shellScript = "\"${SRCROOT}/Pods/Target Support Files/Pods/Pods-resources.sh\"\n";
			showEnvVarsInLog = 0;
		};
		9D98BB31BE70133FFB0D7EFD /* Copy Pods Resources */ = {
			isa = PBXShellScriptBuildPhase;
			buildActionMask = 2147483647;
			files = (
			);
			inputPaths = (
			);
			name = "Copy Pods Resources";
			outputPaths = (
			);
			runOnlyForDeploymentPostprocessing = 0;
			shellPath = /bin/sh;
			shellScript = "\"${SRCROOT}/Pods/Target Support Files/Pods-objcToxTests/Pods-objcToxTests-resources.sh\"\n";
			showEnvVarsInLog = 0;
		};
		DC0CFF9EBD75436989F99831 /* Check Pods Manifest.lock */ = {
			isa = PBXShellScriptBuildPhase;
			buildActionMask = 2147483647;
			files = (
			);
			inputPaths = (
			);
			name = "Check Pods Manifest.lock";
			outputPaths = (
			);
			runOnlyForDeploymentPostprocessing = 0;
			shellPath = /bin/sh;
			shellScript = "diff \"${PODS_ROOT}/../Podfile.lock\" \"${PODS_ROOT}/Manifest.lock\" > /dev/null\nif [[ $? != 0 ]] ; then\n    cat << EOM\nerror: The sandbox is not in sync with the Podfile.lock. Run 'pod install' or update your CocoaPods installation.\nEOM\n    exit 1\nfi\n";
			showEnvVarsInLog = 0;
		};
/* End PBXShellScriptBuildPhase section */

/* Begin PBXSourcesBuildPhase section */
		11EDD4511AA14B3F003A0823 /* Sources */ = {
			isa = PBXSourcesBuildPhase;
			buildActionMask = 2147483647;
			files = (
				115B9E281ADF1708000C38C2 /* OCTManager.m in Sources */,
				115B9E241ADF1708000C38C2 /* OCTFriend.m in Sources */,
				11B5BD5B1AEE696F0046C714 /* OCTDBChat.m in Sources */,
				115B9E211ADF1708000C38C2 /* OCTDefaultFileStorage.m in Sources */,
				118620551AF9005700793A3D /* OCTConverterMessage.m in Sources */,
				115B9E291ADF1708000C38C2 /* OCTFriendsContainer.m in Sources */,
				11F69A2E1AEAD166008B77FB /* OCTDBMessageAbstract.m in Sources */,
				115B9E221ADF1708000C38C2 /* OCTDefaultSettingsStorage.m in Sources */,
				115B9E2B1ADF1708000C38C2 /* OCTSubmanagerFriends.m in Sources */,
				115B9E2D1ADF1708000C38C2 /* OCTToxConstants.m in Sources */,
				116EE69B1AE3C72F0059C8D3 /* OCTDBFriendRequest.m in Sources */,
				115B9E231ADF1708000C38C2 /* OCTManagerConfiguration.m in Sources */,
				11FA3DE91AE02CF800CF7498 /* OCTFriendRequest.m in Sources */,
				11F69A311AEAD17C008B77FB /* OCTDBMessageFile.m in Sources */,
				F0D4AD151B0308D3006FEE89 /* OCTMessageCall.m in Sources */,
				1186205A1AF9080A00793A3D /* OCTConverterChat.m in Sources */,
				118620501AF6124700793A3D /* OCTConverterFriend.m in Sources */,
				116EE6981AE3C7180059C8D3 /* OCTDBManager.m in Sources */,
				11FA3DF21AE04D1300CF7498 /* OCTManagerConstants.m in Sources */,
				11B5BD581AEE63080046C714 /* OCTDBFriend.m in Sources */,
				118620381AF4F32800793A3D /* OCTSortDescriptor.m in Sources */,
				11FA3DF01AE0356700CF7498 /* OCTBasicContainer.m in Sources */,
				118620611AF91EDF00793A3D /* OCTSubmanagerChats.m in Sources */,
				115B9E2A1ADF1708000C38C2 /* OCTSubmanagerAvatars.m in Sources */,
				115B9E2C1ADF1708000C38C2 /* OCTTox.m in Sources */,
				F0EA1F641AFD5B69006C96D5 /* OCTCall.m in Sources */,
				11B5BD4D1AEC02DB0046C714 /* OCTChat.m in Sources */,
				1186202E1AF4CC5200793A3D /* OCTArray.m in Sources */,
				115B9E271ADF1708000C38C2 /* OCTMessageText.m in Sources */,
				115B9E261ADF1708000C38C2 /* OCTMessageFile.m in Sources */,
				115B9E251ADF1708000C38C2 /* OCTMessageAbstract.m in Sources */,
				F01789EB1B05467500B140A5 /* OCTDBMessageCall.m in Sources */,
				F0EA1F611AFD597D006C96D5 /* OCTToxAV.m in Sources */,
				115B9E2E1ADF1708000C38C2 /* OCTToxOptions.m in Sources */,
				11F69A341AEAD188008B77FB /* OCTDBMessageText.m in Sources */,
			);
			runOnlyForDeploymentPostprocessing = 0;
		};
		11EDD45C1AA14B3F003A0823 /* Sources */ = {
			isa = PBXSourcesBuildPhase;
			buildActionMask = 2147483647;
			files = (
				1173BDEC1AB62D9B00E43D75 /* OCTManagerTests.m in Sources */,
				111D42691AFEC51000148994 /* OCTSubmanagerChatsTests.m in Sources */,
				11B5BD481AEADDDD0046C714 /* OCTDBMessageFileTests.m in Sources */,
				1173BDF01AB6319E00E43D75 /* OCTSubmanagerFriendsTests.m in Sources */,
				114196D71AAC87CC0079B30A /* OCTDefaultFileStorageTests.m in Sources */,
				114196CD1AAC69B60079B30A /* OCTSubmanagerAvatarsTests.m in Sources */,
				116EE69F1AE40B350059C8D3 /* OCTDBManagerTests.m in Sources */,
				1186205C1AF9187800793A3D /* OCTConverterChatTests.m in Sources */,
				F065D8451B05899B00E4A0FF /* OCTDBMessageCallTests.m in Sources */,
				118620571AF904B500793A3D /* OCTConverterMessageTests.m in Sources */,
				118EA3B41AD3354F00249E01 /* OCTFriendsContainerTests.m in Sources */,
				11FA3DF41AE04DBE00CF7498 /* OCTBasicContainerTests.m in Sources */,
				11B5BD4F1AEC19340046C714 /* OCTChatTests.m in Sources */,
				118EA3B21ACFB13300249E01 /* OCTToxTests.m in Sources */,
				1186204D1AF51CD400793A3D /* OCTConverterFriendRequest.m in Sources */,
				11B5BD4A1AEADDE70046C714 /* OCTDBMessageTextTests.m in Sources */,
				118620661AFEA0C700793A3D /* OCTConverterFriendRequestTests.m in Sources */,
				1186203B1AF4FE4800793A3D /* OCTArrayTests.m in Sources */,
				118620521AF8E91C00793A3D /* OCTConverterFriendTests.m in Sources */,
				1173BDEE1AB62FD100E43D75 /* OCTManagerConfigurationTests.m in Sources */,
				118620331AF4D60400793A3D /* OCTDBMessageAbstractTests.m in Sources */,
				114196C31AAB823B0079B30A /* OCTDefaultSettingsStorageTests.m in Sources */,
			);
			runOnlyForDeploymentPostprocessing = 0;
		};
/* End PBXSourcesBuildPhase section */

/* Begin PBXTargetDependency section */
		11EDD4631AA14B3F003A0823 /* PBXTargetDependency */ = {
			isa = PBXTargetDependency;
			target = 11EDD4541AA14B3F003A0823 /* objcTox */;
			targetProxy = 11EDD4621AA14B3F003A0823 /* PBXContainerItemProxy */;
		};
/* End PBXTargetDependency section */

/* Begin XCBuildConfiguration section */
		11EDD4671AA14B3F003A0823 /* Debug */ = {
			isa = XCBuildConfiguration;
			buildSettings = {
				ALWAYS_SEARCH_USER_PATHS = NO;
				CLANG_CXX_LANGUAGE_STANDARD = "gnu++0x";
				CLANG_CXX_LIBRARY = "libc++";
				CLANG_ENABLE_MODULES = YES;
				CLANG_ENABLE_OBJC_ARC = YES;
				CLANG_WARN_BOOL_CONVERSION = YES;
				CLANG_WARN_CONSTANT_CONVERSION = YES;
				CLANG_WARN_DIRECT_OBJC_ISA_USAGE = YES_ERROR;
				CLANG_WARN_EMPTY_BODY = YES;
				CLANG_WARN_ENUM_CONVERSION = YES;
				CLANG_WARN_INT_CONVERSION = YES;
				CLANG_WARN_OBJC_ROOT_CLASS = YES_ERROR;
				CLANG_WARN_UNREACHABLE_CODE = YES;
				CLANG_WARN__DUPLICATE_METHOD_MATCH = YES;
				COPY_PHASE_STRIP = NO;
				ENABLE_STRICT_OBJC_MSGSEND = YES;
				GCC_C_LANGUAGE_STANDARD = gnu99;
				GCC_DYNAMIC_NO_PIC = NO;
				GCC_OPTIMIZATION_LEVEL = 0;
				GCC_PREPROCESSOR_DEFINITIONS = (
					"DEBUG=1",
					"$(inherited)",
				);
				GCC_SYMBOLS_PRIVATE_EXTERN = NO;
				GCC_WARN_64_TO_32_BIT_CONVERSION = YES;
				GCC_WARN_ABOUT_RETURN_TYPE = YES_ERROR;
				GCC_WARN_UNDECLARED_SELECTOR = YES;
				GCC_WARN_UNINITIALIZED_AUTOS = YES_AGGRESSIVE;
				GCC_WARN_UNUSED_FUNCTION = YES;
				GCC_WARN_UNUSED_VARIABLE = YES;
				IPHONEOS_DEPLOYMENT_TARGET = 8.1;
				MTL_ENABLE_DEBUG_INFO = YES;
				ONLY_ACTIVE_ARCH = YES;
				SDKROOT = iphoneos;
			};
			name = Debug;
		};
		11EDD4681AA14B3F003A0823 /* Release */ = {
			isa = XCBuildConfiguration;
			buildSettings = {
				ALWAYS_SEARCH_USER_PATHS = NO;
				CLANG_CXX_LANGUAGE_STANDARD = "gnu++0x";
				CLANG_CXX_LIBRARY = "libc++";
				CLANG_ENABLE_MODULES = YES;
				CLANG_ENABLE_OBJC_ARC = YES;
				CLANG_WARN_BOOL_CONVERSION = YES;
				CLANG_WARN_CONSTANT_CONVERSION = YES;
				CLANG_WARN_DIRECT_OBJC_ISA_USAGE = YES_ERROR;
				CLANG_WARN_EMPTY_BODY = YES;
				CLANG_WARN_ENUM_CONVERSION = YES;
				CLANG_WARN_INT_CONVERSION = YES;
				CLANG_WARN_OBJC_ROOT_CLASS = YES_ERROR;
				CLANG_WARN_UNREACHABLE_CODE = YES;
				CLANG_WARN__DUPLICATE_METHOD_MATCH = YES;
				COPY_PHASE_STRIP = YES;
				ENABLE_NS_ASSERTIONS = NO;
				ENABLE_STRICT_OBJC_MSGSEND = YES;
				GCC_C_LANGUAGE_STANDARD = gnu99;
				GCC_WARN_64_TO_32_BIT_CONVERSION = YES;
				GCC_WARN_ABOUT_RETURN_TYPE = YES_ERROR;
				GCC_WARN_UNDECLARED_SELECTOR = YES;
				GCC_WARN_UNINITIALIZED_AUTOS = YES_AGGRESSIVE;
				GCC_WARN_UNUSED_FUNCTION = YES;
				GCC_WARN_UNUSED_VARIABLE = YES;
				IPHONEOS_DEPLOYMENT_TARGET = 8.1;
				MTL_ENABLE_DEBUG_INFO = NO;
				SDKROOT = iphoneos;
				VALIDATE_PRODUCT = YES;
			};
			name = Release;
		};
		11EDD46A1AA14B3F003A0823 /* Debug */ = {
			isa = XCBuildConfiguration;
			baseConfigurationReference = 977FEB009110A2C76E6EE7B5 /* Pods.debug.xcconfig */;
			buildSettings = {
				CLANG_WARN_SUSPICIOUS_IMPLICIT_CONVERSION = YES;
				OTHER_LDFLAGS = "-ObjC";
				PRODUCT_NAME = "$(TARGET_NAME)";
				SKIP_INSTALL = YES;
			};
			name = Debug;
		};
		11EDD46B1AA14B3F003A0823 /* Release */ = {
			isa = XCBuildConfiguration;
			baseConfigurationReference = FB6283BE28EE49868A724A91 /* Pods.release.xcconfig */;
			buildSettings = {
				CLANG_WARN_SUSPICIOUS_IMPLICIT_CONVERSION = YES;
				OTHER_LDFLAGS = "-ObjC";
				PRODUCT_NAME = "$(TARGET_NAME)";
				SKIP_INSTALL = YES;
			};
			name = Release;
		};
		11EDD46D1AA14B3F003A0823 /* Debug */ = {
			isa = XCBuildConfiguration;
			baseConfigurationReference = D21CC3334238090ECE69B229 /* Pods-objcToxTests.debug.xcconfig */;
			buildSettings = {
				FRAMEWORK_SEARCH_PATHS = (
					"$(SDKROOT)/Developer/Library/Frameworks",
					"$(inherited)",
				);
				GCC_PREPROCESSOR_DEFINITIONS = (
					"DEBUG=1",
					"$(inherited)",
				);
				INFOPLIST_FILE = objcToxTests/Info.plist;
				LD_RUNPATH_SEARCH_PATHS = "$(inherited) @executable_path/Frameworks @loader_path/Frameworks";
				PRODUCT_NAME = "$(TARGET_NAME)";
			};
			name = Debug;
		};
		11EDD46E1AA14B3F003A0823 /* Release */ = {
			isa = XCBuildConfiguration;
			baseConfigurationReference = 63D0413DDDA781BF956E483E /* Pods-objcToxTests.release.xcconfig */;
			buildSettings = {
				FRAMEWORK_SEARCH_PATHS = (
					"$(SDKROOT)/Developer/Library/Frameworks",
					"$(inherited)",
				);
				INFOPLIST_FILE = objcToxTests/Info.plist;
				LD_RUNPATH_SEARCH_PATHS = "$(inherited) @executable_path/Frameworks @loader_path/Frameworks";
				PRODUCT_NAME = "$(TARGET_NAME)";
			};
			name = Release;
		};
/* End XCBuildConfiguration section */

/* Begin XCConfigurationList section */
		11EDD4501AA14B3F003A0823 /* Build configuration list for PBXProject "objcTox" */ = {
			isa = XCConfigurationList;
			buildConfigurations = (
				11EDD4671AA14B3F003A0823 /* Debug */,
				11EDD4681AA14B3F003A0823 /* Release */,
			);
			defaultConfigurationIsVisible = 0;
			defaultConfigurationName = Release;
		};
		11EDD4691AA14B3F003A0823 /* Build configuration list for PBXNativeTarget "objcTox" */ = {
			isa = XCConfigurationList;
			buildConfigurations = (
				11EDD46A1AA14B3F003A0823 /* Debug */,
				11EDD46B1AA14B3F003A0823 /* Release */,
			);
			defaultConfigurationIsVisible = 0;
			defaultConfigurationName = Release;
		};
		11EDD46C1AA14B3F003A0823 /* Build configuration list for PBXNativeTarget "objcToxTests" */ = {
			isa = XCConfigurationList;
			buildConfigurations = (
				11EDD46D1AA14B3F003A0823 /* Debug */,
				11EDD46E1AA14B3F003A0823 /* Release */,
			);
			defaultConfigurationIsVisible = 0;
			defaultConfigurationName = Release;
		};
/* End XCConfigurationList section */
	};
	rootObject = 11EDD44D1AA14B3F003A0823 /* Project object */;
}
